// !$*UTF8*$!
{
	archiveVersion = 1;
	classes = {
	};
	objectVersion = 48;
	objects = {

/* Begin PBXBuildFile section */
		0D33AE6CA0F0AC3A70B0C4F7 /* Pods_acelerogyrocospeUITests.framework in Frameworks */ = {isa = PBXBuildFile; fileRef = 567F4CFAEA4DCF8D427983BA /* Pods_acelerogyrocospeUITests.framework */; };
		5E396C4820AADEA27E05E1E1 /* Pods_acelerogyrocospeTests.framework in Frameworks */ = {isa = PBXBuildFile; fileRef = 14E85ABB2E0782288052004F /* Pods_acelerogyrocospeTests.framework */; };
		C50E2B97D01A6AC40E3D039C /* Pods_acelerogyrocospe.framework in Frameworks */ = {isa = PBXBuildFile; fileRef = 40A93975516FD3B588DAD505 /* Pods_acelerogyrocospe.framework */; };
		F21810071FBDD338006BFD5B /* Tab1ViewController.swift in Sources */ = {isa = PBXBuildFile; fileRef = F21810061FBDD337006BFD5B /* Tab1ViewController.swift */; };
		F21810091FBDD352006BFD5B /* Tab2ViewController.swift in Sources */ = {isa = PBXBuildFile; fileRef = F21810081FBDD352006BFD5B /* Tab2ViewController.swift */; };
		F21EA1621FA8C37500CDCD83 /* AppDelegate.swift in Sources */ = {isa = PBXBuildFile; fileRef = F21EA1611FA8C37500CDCD83 /* AppDelegate.swift */; };
		F21EA1641FA8C37500CDCD83 /* ViewController.swift in Sources */ = {isa = PBXBuildFile; fileRef = F21EA1631FA8C37500CDCD83 /* ViewController.swift */; };
		F21EA1671FA8C37500CDCD83 /* Main.storyboard in Resources */ = {isa = PBXBuildFile; fileRef = F21EA1651FA8C37500CDCD83 /* Main.storyboard */; };
		F21EA1691FA8C37500CDCD83 /* Assets.xcassets in Resources */ = {isa = PBXBuildFile; fileRef = F21EA1681FA8C37500CDCD83 /* Assets.xcassets */; };
		F21EA16C1FA8C37500CDCD83 /* LaunchScreen.storyboard in Resources */ = {isa = PBXBuildFile; fileRef = F21EA16A1FA8C37500CDCD83 /* LaunchScreen.storyboard */; };
		F21EA1771FA8C37500CDCD83 /* acelerogyrocospeTests.swift in Sources */ = {isa = PBXBuildFile; fileRef = F21EA1761FA8C37500CDCD83 /* acelerogyrocospeTests.swift */; };
		F21EA1821FA8C37500CDCD83 /* acelerogyrocospeUITests.swift in Sources */ = {isa = PBXBuildFile; fileRef = F21EA1811FA8C37500CDCD83 /* acelerogyrocospeUITests.swift */; };
		F21EA1911FA8C86600CDCD83 /* CoreMotion.framework in Frameworks */ = {isa = PBXBuildFile; fileRef = F21EA1901FA8C84A00CDCD83 /* CoreMotion.framework */; };
		F224C5521FEBEEF000FE59EE /* SearchTableViewController.swift in Sources */ = {isa = PBXBuildFile; fileRef = F224C5511FEBEEF000FE59EE /* SearchTableViewController.swift */; };
		F224C5541FEC4B6900FE59EE /* FormataViewController.swift in Sources */ = {isa = PBXBuildFile; fileRef = F224C5531FEC4B6900FE59EE /* FormataViewController.swift */; };
		F22807CD201F414C0002EB37 /* AlamoSwiftyJSON.swift in Sources */ = {isa = PBXBuildFile; fileRef = F22807CC201F414C0002EB37 /* AlamoSwiftyJSON.swift */; };
		F22807D0201F434A0002EB37 /* SwifyJSONViewController.swift in Sources */ = {isa = PBXBuildFile; fileRef = F22807CF201F434A0002EB37 /* SwifyJSONViewController.swift */; };
		F22807E02021DCC70002EB37 /* CamposRegExViewController.swift in Sources */ = {isa = PBXBuildFile; fileRef = F22807DF2021DCC60002EB37 /* CamposRegExViewController.swift */; };
		F22EB1F31FE0521300A1936F /* WebViewController.swift in Sources */ = {isa = PBXBuildFile; fileRef = F22EB1F21FE0521300A1936F /* WebViewController.swift */; };
		F24607DE1FD7FDE400B07B52 /* SplashTesteViewController.swift in Sources */ = {isa = PBXBuildFile; fileRef = F24607DD1FD7FDE400B07B52 /* SplashTesteViewController.swift */; };
		F250DD811FE3E98000785891 /* TextViewController.swift in Sources */ = {isa = PBXBuildFile; fileRef = F250DD801FE3E97F00785891 /* TextViewController.swift */; };
		F250DD831FE807D400785891 /* MpasViewController.swift in Sources */ = {isa = PBXBuildFile; fileRef = F250DD821FE807D300785891 /* MpasViewController.swift */; };
		F250DD851FE829AD00785891 /* MapKit.framework in Frameworks */ = {isa = PBXBuildFile; fileRef = F250DD841FE829AD00785891 /* MapKit.framework */; };
		F250DD871FE8318D00785891 /* ButtonTelasViewController.swift in Sources */ = {isa = PBXBuildFile; fileRef = F250DD861FE8318D00785891 /* ButtonTelasViewController.swift */; };
		F2623959200694BD009DD5C3 /* CEPViewController.swift in Sources */ = {isa = PBXBuildFile; fileRef = F2623958200694BD009DD5C3 /* CEPViewController.swift */; };
		F262395C20079DC3009DD5C3 /* IngressosAluraViewController.swift in Sources */ = {isa = PBXBuildFile; fileRef = F262395B20079DC3009DD5C3 /* IngressosAluraViewController.swift */; };
		F291220920346380005A8AFB /* Transition1ViewController.swift in Sources */ = {isa = PBXBuildFile; fileRef = F291220820346380005A8AFB /* Transition1ViewController.swift */; };
		F291220C203463BD005A8AFB /* PageViewController.swift in Sources */ = {isa = PBXBuildFile; fileRef = F291220B203463BD005A8AFB /* PageViewController.swift */; };
		F291220E203468B8005A8AFB /* PageController.swift in Sources */ = {isa = PBXBuildFile; fileRef = F291220D203468B8005A8AFB /* PageController.swift */; };
		F29122122034772B005A8AFB /* PageViewViewController.swift in Sources */ = {isa = PBXBuildFile; fileRef = F29122112034772B005A8AFB /* PageViewViewController.swift */; };
		F2912214203478CC005A8AFB /* Page1ViewController.swift in Sources */ = {isa = PBXBuildFile; fileRef = F2912213203478CC005A8AFB /* Page1ViewController.swift */; };
		F2B2349B1FFCED7600BBC572 /* Formata2ViewController.swift in Sources */ = {isa = PBXBuildFile; fileRef = F2B2349A1FFCED7600BBC572 /* Formata2ViewController.swift */; };
		F2B2349D1FFCEF5A00BBC572 /* CollectionViewCell.swift in Sources */ = {isa = PBXBuildFile; fileRef = F2B2349C1FFCEF5A00BBC572 /* CollectionViewCell.swift */; };
		F2B38BFA2004F2C300AE084D /* TerminaViewController.swift in Sources */ = {isa = PBXBuildFile; fileRef = F2B38BF92004F2C300AE084D /* TerminaViewController.swift */; };
		F2C3557A20237A08001ACA0F /* CoisasAcontecemViewController.swift in Sources */ = {isa = PBXBuildFile; fileRef = F2C3557920237A08001ACA0F /* CoisasAcontecemViewController.swift */; };
		F2C94B271FFB9BE2000331B2 /* ItensTable.swift in Sources */ = {isa = PBXBuildFile; fileRef = F2C94B261FFB9BE2000331B2 /* ItensTable.swift */; };
		F2C94B2B1FFBA18F000331B2 /* Teste.swift in Sources */ = {isa = PBXBuildFile; fileRef = F2C94B2A1FFBA18F000331B2 /* Teste.swift */; };
		F2C94B351FFBB6C7000331B2 /* TableViewCell.swift in Sources */ = {isa = PBXBuildFile; fileRef = F2C94B341FFBB6C7000331B2 /* TableViewCell.swift */; };
		F2CBFFBD1FF42D96002F685C /* Maps2ViewController.swift in Sources */ = {isa = PBXBuildFile; fileRef = F2CBFFBC1FF42D96002F685C /* Maps2ViewController.swift */; };
		F2CBFFC01FF53D59002F685C /* PublicArt.json in Resources */ = {isa = PBXBuildFile; fileRef = F2CBFFBF1FF53D58002F685C /* PublicArt.json */; };
		F2CBFFC41FF54621002F685C /* PinTabs.swift in Sources */ = {isa = PBXBuildFile; fileRef = F2CBFFC31FF54621002F685C /* PinTabs.swift */; };
		F2DA047C20160C8000E3484B /* CryptoViewController.swift in Sources */ = {isa = PBXBuildFile; fileRef = F2DA047B20160C8000E3484B /* CryptoViewController.swift */; };
		F2DA0480201757BB00E3484B /* AlamoTestesViewController.swift in Sources */ = {isa = PBXBuildFile; fileRef = F2DA047F201757BB00E3484B /* AlamoTestesViewController.swift */; };
		F2DA048220175C4A00E3484B /* AlamoTeste.swift in Sources */ = {isa = PBXBuildFile; fileRef = F2DA048120175C4A00E3484B /* AlamoTeste.swift */; };
		F2DA0484201768F300E3484B /* AlamoTesteCampos.swift in Sources */ = {isa = PBXBuildFile; fileRef = F2DA0483201768F300E3484B /* AlamoTesteCampos.swift */; };
		F2DA048620177FAA00E3484B /* AlamoTestes2ViewController.swift in Sources */ = {isa = PBXBuildFile; fileRef = F2DA048520177FAA00E3484B /* AlamoTestes2ViewController.swift */; };
		F2E044AA200D1043001F4254 /* AlamoCampos.swift in Sources */ = {isa = PBXBuildFile; fileRef = F2E044A9200D1043001F4254 /* AlamoCampos.swift */; };
		F2E044AC200D1070001F4254 /* AlamoAPI.swift in Sources */ = {isa = PBXBuildFile; fileRef = F2E044AB200D1070001F4254 /* AlamoAPI.swift */; };
		F2E044AF200E0DC4001F4254 /* PickerViewMes.swift in Sources */ = {isa = PBXBuildFile; fileRef = F2E044AE200E0DC4001F4254 /* PickerViewMes.swift */; };
		F2E044B9200E2B84001F4254 /* PickerViewAno.swift in Sources */ = {isa = PBXBuildFile; fileRef = F2E044B8200E2B84001F4254 /* PickerViewAno.swift */; };
		F2E197BC202A2ED500FC45B5 /* AutoAdaptavelViewController.swift in Sources */ = {isa = PBXBuildFile; fileRef = F2E197BB202A2ED400FC45B5 /* AutoAdaptavelViewController.swift */; };
		F2E197C8202B10CA00FC45B5 /* AdptavelEscondidoViewController.swift in Sources */ = {isa = PBXBuildFile; fileRef = F2E197C7202B10CA00FC45B5 /* AdptavelEscondidoViewController.swift */; };
		F2E197CA202B63F400FC45B5 /* CallChildViewViewController.swift in Sources */ = {isa = PBXBuildFile; fileRef = F2E197C9202B63F400FC45B5 /* CallChildViewViewController.swift */; };
		F2EFDE7F1FFD4C3000B705EE /* DetalhesViewController.swift in Sources */ = {isa = PBXBuildFile; fileRef = F2EFDE7E1FFD4C3000B705EE /* DetalhesViewController.swift */; };
		F2EFDE811FFE928C00B705EE /* PacoteViagemDAO.swift in Sources */ = {isa = PBXBuildFile; fileRef = F2EFDE801FFE928A00B705EE /* PacoteViagemDAO.swift */; };
		F2EFDE831FFE937800B705EE /* PacoteViagem.swift in Sources */ = {isa = PBXBuildFile; fileRef = F2EFDE821FFE937800B705EE /* PacoteViagem.swift */; };
		F2EFDE851FFEA14000B705EE /* ViagemDAO.swift in Sources */ = {isa = PBXBuildFile; fileRef = F2EFDE841FFEA13F00B705EE /* ViagemDAO.swift */; };
		F2EFDE871FFEA15600B705EE /* Viagem.swift in Sources */ = {isa = PBXBuildFile; fileRef = F2EFDE861FFEA15600B705EE /* Viagem.swift */; };
/* End PBXBuildFile section */

/* Begin PBXContainerItemProxy section */
		F21EA1731FA8C37500CDCD83 /* PBXContainerItemProxy */ = {
			isa = PBXContainerItemProxy;
			containerPortal = F21EA1561FA8C37400CDCD83 /* Project object */;
			proxyType = 1;
			remoteGlobalIDString = F21EA15D1FA8C37400CDCD83;
			remoteInfo = acelerogyrocospe;
		};
		F21EA17E1FA8C37500CDCD83 /* PBXContainerItemProxy */ = {
			isa = PBXContainerItemProxy;
			containerPortal = F21EA1561FA8C37400CDCD83 /* Project object */;
			proxyType = 1;
			remoteGlobalIDString = F21EA15D1FA8C37400CDCD83;
			remoteInfo = acelerogyrocospe;
		};
		F22807DA201F434B0002EB37 /* PBXContainerItemProxy */ = {
			isa = PBXContainerItemProxy;
			containerPortal = F26239472006937E009DD5C3 /* Pods.xcodeproj */;
			proxyType = 2;
			remoteGlobalIDString = 12EE2EA3AB0684C14269A00CF7428EAB;
			remoteInfo = SwiftyJSON;
		};
		F262394E2006937E009DD5C3 /* PBXContainerItemProxy */ = {
			isa = PBXContainerItemProxy;
			containerPortal = F26239472006937E009DD5C3 /* Pods.xcodeproj */;
			proxyType = 2;
			remoteGlobalIDString = A19536A1B90A3199640241161EC23ABE;
			remoteInfo = Alamofire;
		};
		F26239502006937E009DD5C3 /* PBXContainerItemProxy */ = {
			isa = PBXContainerItemProxy;
			containerPortal = F26239472006937E009DD5C3 /* Pods.xcodeproj */;
			proxyType = 2;
			remoteGlobalIDString = CBDF4F7A9177DB63A8D2966234C92858;
			remoteInfo = "Pods-acelerogyrocospe";
		};
		F26239522006937E009DD5C3 /* PBXContainerItemProxy */ = {
			isa = PBXContainerItemProxy;
			containerPortal = F26239472006937E009DD5C3 /* Pods.xcodeproj */;
			proxyType = 2;
			remoteGlobalIDString = 9D1934E6108A2C4FCE0B0390AA2B1C5E;
			remoteInfo = "Pods-acelerogyrocospeTests";
		};
		F26239542006937E009DD5C3 /* PBXContainerItemProxy */ = {
			isa = PBXContainerItemProxy;
			containerPortal = F26239472006937E009DD5C3 /* Pods.xcodeproj */;
			proxyType = 2;
			remoteGlobalIDString = 11F5A1EA77FB906965A003918997AC06;
			remoteInfo = "Pods-acelerogyrocospeUITests";
		};
		F2DA047720160C5500E3484B /* PBXContainerItemProxy */ = {
			isa = PBXContainerItemProxy;
			containerPortal = F26239472006937E009DD5C3 /* Pods.xcodeproj */;
			proxyType = 2;
			remoteGlobalIDString = 4E2A9B5289C1671A152BBA2BDE084ED0;
			remoteInfo = AKMaskField;
		};
		F2DA047920160C5500E3484B /* PBXContainerItemProxy */ = {
			isa = PBXContainerItemProxy;
			containerPortal = F26239472006937E009DD5C3 /* Pods.xcodeproj */;
			proxyType = 2;
			remoteGlobalIDString = 7D49326B6391047A8996DDC64EFC8338;
			remoteInfo = CryptoSwift;
		};
		F2E044A5200D0F90001F4254 /* PBXContainerItemProxy */ = {
			isa = PBXContainerItemProxy;
			containerPortal = F26239472006937E009DD5C3 /* Pods.xcodeproj */;
			proxyType = 2;
			remoteGlobalIDString = 258EBF0FBA29477ADFA41CC591FF46D4;
			remoteInfo = "CPF-CNPJ-Validator";
		};
		F2E044B6200E0DC5001F4254 /* PBXContainerItemProxy */ = {
			isa = PBXContainerItemProxy;
			containerPortal = F26239472006937E009DD5C3 /* Pods.xcodeproj */;
			proxyType = 2;
			remoteGlobalIDString = DFBA40DBE92C9546EA49535D5EDBC7D2;
			remoteInfo = CreditCardValidator;
		};
/* End PBXContainerItemProxy section */

/* Begin PBXFileReference section */
		015781C8C99322AA57A2EEE8 /* Pods-acelerogyrocospeTests.debug.xcconfig */ = {isa = PBXFileReference; includeInIndex = 1; lastKnownFileType = text.xcconfig; name = "Pods-acelerogyrocospeTests.debug.xcconfig"; path = "Pods/Target Support Files/Pods-acelerogyrocospeTests/Pods-acelerogyrocospeTests.debug.xcconfig"; sourceTree = "<group>"; };
		0B8988AE83C2A87B10E88655 /* Pods-acelerogyrocospe.release.xcconfig */ = {isa = PBXFileReference; includeInIndex = 1; lastKnownFileType = text.xcconfig; name = "Pods-acelerogyrocospe.release.xcconfig"; path = "Pods/Target Support Files/Pods-acelerogyrocospe/Pods-acelerogyrocospe.release.xcconfig"; sourceTree = "<group>"; };
		14E85ABB2E0782288052004F /* Pods_acelerogyrocospeTests.framework */ = {isa = PBXFileReference; explicitFileType = wrapper.framework; includeInIndex = 0; path = Pods_acelerogyrocospeTests.framework; sourceTree = BUILT_PRODUCTS_DIR; };
		40A93975516FD3B588DAD505 /* Pods_acelerogyrocospe.framework */ = {isa = PBXFileReference; explicitFileType = wrapper.framework; includeInIndex = 0; path = Pods_acelerogyrocospe.framework; sourceTree = BUILT_PRODUCTS_DIR; };
		567F4CFAEA4DCF8D427983BA /* Pods_acelerogyrocospeUITests.framework */ = {isa = PBXFileReference; explicitFileType = wrapper.framework; includeInIndex = 0; path = Pods_acelerogyrocospeUITests.framework; sourceTree = BUILT_PRODUCTS_DIR; };
		5C3BF207C0727ABF1B9B51C9 /* Pods-acelerogyrocospeTests.release.xcconfig */ = {isa = PBXFileReference; includeInIndex = 1; lastKnownFileType = text.xcconfig; name = "Pods-acelerogyrocospeTests.release.xcconfig"; path = "Pods/Target Support Files/Pods-acelerogyrocospeTests/Pods-acelerogyrocospeTests.release.xcconfig"; sourceTree = "<group>"; };
		80574DD1D7ACA53FA8395142 /* Pods-acelerogyrocospeUITests.release.xcconfig */ = {isa = PBXFileReference; includeInIndex = 1; lastKnownFileType = text.xcconfig; name = "Pods-acelerogyrocospeUITests.release.xcconfig"; path = "Pods/Target Support Files/Pods-acelerogyrocospeUITests/Pods-acelerogyrocospeUITests.release.xcconfig"; sourceTree = "<group>"; };
		951FC131997593D9B2B69F77 /* Pods-acelerogyrocospe.debug.xcconfig */ = {isa = PBXFileReference; includeInIndex = 1; lastKnownFileType = text.xcconfig; name = "Pods-acelerogyrocospe.debug.xcconfig"; path = "Pods/Target Support Files/Pods-acelerogyrocospe/Pods-acelerogyrocospe.debug.xcconfig"; sourceTree = "<group>"; };
		E9E2710EBE6364E61051C45F /* Pods-acelerogyrocospeUITests.debug.xcconfig */ = {isa = PBXFileReference; includeInIndex = 1; lastKnownFileType = text.xcconfig; name = "Pods-acelerogyrocospeUITests.debug.xcconfig"; path = "Pods/Target Support Files/Pods-acelerogyrocospeUITests/Pods-acelerogyrocospeUITests.debug.xcconfig"; sourceTree = "<group>"; };
		F21810061FBDD337006BFD5B /* Tab1ViewController.swift */ = {isa = PBXFileReference; lastKnownFileType = sourcecode.swift; path = Tab1ViewController.swift; sourceTree = "<group>"; };
		F21810081FBDD352006BFD5B /* Tab2ViewController.swift */ = {isa = PBXFileReference; lastKnownFileType = sourcecode.swift; path = Tab2ViewController.swift; sourceTree = "<group>"; };
		F21EA15E1FA8C37400CDCD83 /* acelerogyrocospe.app */ = {isa = PBXFileReference; explicitFileType = wrapper.application; includeInIndex = 0; path = acelerogyrocospe.app; sourceTree = BUILT_PRODUCTS_DIR; };
		F21EA1611FA8C37500CDCD83 /* AppDelegate.swift */ = {isa = PBXFileReference; lastKnownFileType = sourcecode.swift; path = AppDelegate.swift; sourceTree = "<group>"; };
		F21EA1631FA8C37500CDCD83 /* ViewController.swift */ = {isa = PBXFileReference; lastKnownFileType = sourcecode.swift; path = ViewController.swift; sourceTree = "<group>"; };
		F21EA1661FA8C37500CDCD83 /* Base */ = {isa = PBXFileReference; lastKnownFileType = file.storyboard; name = Base; path = Base.lproj/Main.storyboard; sourceTree = "<group>"; };
		F21EA1681FA8C37500CDCD83 /* Assets.xcassets */ = {isa = PBXFileReference; lastKnownFileType = folder.assetcatalog; path = Assets.xcassets; sourceTree = "<group>"; };
		F21EA16B1FA8C37500CDCD83 /* Base */ = {isa = PBXFileReference; lastKnownFileType = file.storyboard; name = Base; path = Base.lproj/LaunchScreen.storyboard; sourceTree = "<group>"; };
		F21EA16D1FA8C37500CDCD83 /* Info.plist */ = {isa = PBXFileReference; lastKnownFileType = text.plist.xml; path = Info.plist; sourceTree = "<group>"; };
		F21EA1721FA8C37500CDCD83 /* acelerogyrocospeTests.xctest */ = {isa = PBXFileReference; explicitFileType = wrapper.cfbundle; includeInIndex = 0; path = acelerogyrocospeTests.xctest; sourceTree = BUILT_PRODUCTS_DIR; };
		F21EA1761FA8C37500CDCD83 /* acelerogyrocospeTests.swift */ = {isa = PBXFileReference; lastKnownFileType = sourcecode.swift; path = acelerogyrocospeTests.swift; sourceTree = "<group>"; };
		F21EA1781FA8C37500CDCD83 /* Info.plist */ = {isa = PBXFileReference; lastKnownFileType = text.plist.xml; path = Info.plist; sourceTree = "<group>"; };
		F21EA17D1FA8C37500CDCD83 /* acelerogyrocospeUITests.xctest */ = {isa = PBXFileReference; explicitFileType = wrapper.cfbundle; includeInIndex = 0; path = acelerogyrocospeUITests.xctest; sourceTree = BUILT_PRODUCTS_DIR; };
		F21EA1811FA8C37500CDCD83 /* acelerogyrocospeUITests.swift */ = {isa = PBXFileReference; lastKnownFileType = sourcecode.swift; path = acelerogyrocospeUITests.swift; sourceTree = "<group>"; };
		F21EA1831FA8C37500CDCD83 /* Info.plist */ = {isa = PBXFileReference; lastKnownFileType = text.plist.xml; path = Info.plist; sourceTree = "<group>"; };
		F21EA1901FA8C84A00CDCD83 /* CoreMotion.framework */ = {isa = PBXFileReference; lastKnownFileType = wrapper.framework; name = CoreMotion.framework; path = System/Library/Frameworks/CoreMotion.framework; sourceTree = SDKROOT; };
		F224C5511FEBEEF000FE59EE /* SearchTableViewController.swift */ = {isa = PBXFileReference; lastKnownFileType = sourcecode.swift; path = SearchTableViewController.swift; sourceTree = "<group>"; };
		F224C5531FEC4B6900FE59EE /* FormataViewController.swift */ = {isa = PBXFileReference; lastKnownFileType = sourcecode.swift; path = FormataViewController.swift; sourceTree = "<group>"; };
		F22807CC201F414C0002EB37 /* AlamoSwiftyJSON.swift */ = {isa = PBXFileReference; lastKnownFileType = sourcecode.swift; path = AlamoSwiftyJSON.swift; sourceTree = "<group>"; };
		F22807CF201F434A0002EB37 /* SwifyJSONViewController.swift */ = {isa = PBXFileReference; lastKnownFileType = sourcecode.swift; path = SwifyJSONViewController.swift; sourceTree = "<group>"; };
		F22807DF2021DCC60002EB37 /* CamposRegExViewController.swift */ = {isa = PBXFileReference; lastKnownFileType = sourcecode.swift; path = CamposRegExViewController.swift; sourceTree = "<group>"; };
		F22EB1F21FE0521300A1936F /* WebViewController.swift */ = {isa = PBXFileReference; lastKnownFileType = sourcecode.swift; path = WebViewController.swift; sourceTree = "<group>"; };
		F24607DD1FD7FDE400B07B52 /* SplashTesteViewController.swift */ = {isa = PBXFileReference; lastKnownFileType = sourcecode.swift; path = SplashTesteViewController.swift; sourceTree = "<group>"; };
		F250DD801FE3E97F00785891 /* TextViewController.swift */ = {isa = PBXFileReference; lastKnownFileType = sourcecode.swift; path = TextViewController.swift; sourceTree = "<group>"; };
		F250DD821FE807D300785891 /* MpasViewController.swift */ = {isa = PBXFileReference; lastKnownFileType = sourcecode.swift; path = MpasViewController.swift; sourceTree = "<group>"; };
		F250DD841FE829AD00785891 /* MapKit.framework */ = {isa = PBXFileReference; lastKnownFileType = wrapper.framework; name = MapKit.framework; path = System/Library/Frameworks/MapKit.framework; sourceTree = SDKROOT; };
		F250DD861FE8318D00785891 /* ButtonTelasViewController.swift */ = {isa = PBXFileReference; lastKnownFileType = sourcecode.swift; path = ButtonTelasViewController.swift; sourceTree = "<group>"; };
		F26239472006937E009DD5C3 /* Pods.xcodeproj */ = {isa = PBXFileReference; lastKnownFileType = "wrapper.pb-project"; name = Pods.xcodeproj; path = Pods/Pods.xcodeproj; sourceTree = "<group>"; };
		F2623958200694BD009DD5C3 /* CEPViewController.swift */ = {isa = PBXFileReference; lastKnownFileType = sourcecode.swift; path = CEPViewController.swift; sourceTree = "<group>"; };
		F262395B20079DC3009DD5C3 /* IngressosAluraViewController.swift */ = {isa = PBXFileReference; lastKnownFileType = sourcecode.swift; path = IngressosAluraViewController.swift; sourceTree = "<group>"; };
		F291220820346380005A8AFB /* Transition1ViewController.swift */ = {isa = PBXFileReference; lastKnownFileType = sourcecode.swift; path = Transition1ViewController.swift; sourceTree = "<group>"; };
		F291220B203463BD005A8AFB /* PageViewController.swift */ = {isa = PBXFileReference; lastKnownFileType = sourcecode.swift; path = PageViewController.swift; sourceTree = "<group>"; };
		F291220D203468B8005A8AFB /* PageController.swift */ = {isa = PBXFileReference; lastKnownFileType = sourcecode.swift; path = PageController.swift; sourceTree = "<group>"; };
		F29122112034772B005A8AFB /* PageViewViewController.swift */ = {isa = PBXFileReference; lastKnownFileType = sourcecode.swift; path = PageViewViewController.swift; sourceTree = "<group>"; };
		F2912213203478CC005A8AFB /* Page1ViewController.swift */ = {isa = PBXFileReference; lastKnownFileType = sourcecode.swift; path = Page1ViewController.swift; sourceTree = "<group>"; };
		F2B2349A1FFCED7600BBC572 /* Formata2ViewController.swift */ = {isa = PBXFileReference; lastKnownFileType = sourcecode.swift; path = Formata2ViewController.swift; sourceTree = "<group>"; };
		F2B2349C1FFCEF5A00BBC572 /* CollectionViewCell.swift */ = {isa = PBXFileReference; lastKnownFileType = sourcecode.swift; path = CollectionViewCell.swift; sourceTree = "<group>"; };
		F2B38BF92004F2C300AE084D /* TerminaViewController.swift */ = {isa = PBXFileReference; lastKnownFileType = sourcecode.swift; path = TerminaViewController.swift; sourceTree = "<group>"; };
		F2C3557920237A08001ACA0F /* CoisasAcontecemViewController.swift */ = {isa = PBXFileReference; lastKnownFileType = sourcecode.swift; path = CoisasAcontecemViewController.swift; sourceTree = "<group>"; };
		F2C94B261FFB9BE2000331B2 /* ItensTable.swift */ = {isa = PBXFileReference; lastKnownFileType = sourcecode.swift; path = ItensTable.swift; sourceTree = "<group>"; };
		F2C94B2A1FFBA18F000331B2 /* Teste.swift */ = {isa = PBXFileReference; lastKnownFileType = sourcecode.swift; path = Teste.swift; sourceTree = "<group>"; };
		F2C94B341FFBB6C7000331B2 /* TableViewCell.swift */ = {isa = PBXFileReference; fileEncoding = 4; lastKnownFileType = sourcecode.swift; path = TableViewCell.swift; sourceTree = "<group>"; };
		F2CBFFBC1FF42D96002F685C /* Maps2ViewController.swift */ = {isa = PBXFileReference; lastKnownFileType = sourcecode.swift; name = Maps2ViewController.swift; path = "Maps/Maps 2/Maps2ViewController.swift"; sourceTree = SOURCE_ROOT; };
		F2CBFFBF1FF53D58002F685C /* PublicArt.json */ = {isa = PBXFileReference; fileEncoding = 4; lastKnownFileType = text.json; path = PublicArt.json; sourceTree = "<group>"; };
		F2CBFFC31FF54621002F685C /* PinTabs.swift */ = {isa = PBXFileReference; lastKnownFileType = sourcecode.swift; path = PinTabs.swift; sourceTree = "<group>"; };
		F2DA047B20160C8000E3484B /* CryptoViewController.swift */ = {isa = PBXFileReference; lastKnownFileType = sourcecode.swift; path = CryptoViewController.swift; sourceTree = "<group>"; };
		F2DA047F201757BB00E3484B /* AlamoTestesViewController.swift */ = {isa = PBXFileReference; lastKnownFileType = sourcecode.swift; path = AlamoTestesViewController.swift; sourceTree = "<group>"; };
		F2DA048120175C4A00E3484B /* AlamoTeste.swift */ = {isa = PBXFileReference; lastKnownFileType = sourcecode.swift; path = AlamoTeste.swift; sourceTree = "<group>"; };
		F2DA0483201768F300E3484B /* AlamoTesteCampos.swift */ = {isa = PBXFileReference; lastKnownFileType = sourcecode.swift; path = AlamoTesteCampos.swift; sourceTree = "<group>"; };
		F2DA048520177FAA00E3484B /* AlamoTestes2ViewController.swift */ = {isa = PBXFileReference; lastKnownFileType = sourcecode.swift; path = AlamoTestes2ViewController.swift; sourceTree = "<group>"; };
		F2E044A9200D1043001F4254 /* AlamoCampos.swift */ = {isa = PBXFileReference; lastKnownFileType = sourcecode.swift; path = AlamoCampos.swift; sourceTree = "<group>"; };
		F2E044AB200D1070001F4254 /* AlamoAPI.swift */ = {isa = PBXFileReference; lastKnownFileType = sourcecode.swift; path = AlamoAPI.swift; sourceTree = "<group>"; };
		F2E044AE200E0DC4001F4254 /* PickerViewMes.swift */ = {isa = PBXFileReference; lastKnownFileType = sourcecode.swift; path = PickerViewMes.swift; sourceTree = "<group>"; };
		F2E044B8200E2B84001F4254 /* PickerViewAno.swift */ = {isa = PBXFileReference; lastKnownFileType = sourcecode.swift; path = PickerViewAno.swift; sourceTree = "<group>"; };
		F2E197BB202A2ED400FC45B5 /* AutoAdaptavelViewController.swift */ = {isa = PBXFileReference; lastKnownFileType = sourcecode.swift; path = AutoAdaptavelViewController.swift; sourceTree = "<group>"; };
		F2E197C7202B10CA00FC45B5 /* AdptavelEscondidoViewController.swift */ = {isa = PBXFileReference; lastKnownFileType = sourcecode.swift; path = AdptavelEscondidoViewController.swift; sourceTree = "<group>"; };
		F2E197C9202B63F400FC45B5 /* CallChildViewViewController.swift */ = {isa = PBXFileReference; lastKnownFileType = sourcecode.swift; path = CallChildViewViewController.swift; sourceTree = "<group>"; };
		F2EFDE7E1FFD4C3000B705EE /* DetalhesViewController.swift */ = {isa = PBXFileReference; lastKnownFileType = sourcecode.swift; path = DetalhesViewController.swift; sourceTree = "<group>"; };
		F2EFDE801FFE928A00B705EE /* PacoteViagemDAO.swift */ = {isa = PBXFileReference; fileEncoding = 4; lastKnownFileType = sourcecode.swift; path = PacoteViagemDAO.swift; sourceTree = "<group>"; };
		F2EFDE821FFE937800B705EE /* PacoteViagem.swift */ = {isa = PBXFileReference; lastKnownFileType = sourcecode.swift; path = PacoteViagem.swift; sourceTree = "<group>"; };
		F2EFDE841FFEA13F00B705EE /* ViagemDAO.swift */ = {isa = PBXFileReference; fileEncoding = 4; lastKnownFileType = sourcecode.swift; path = ViagemDAO.swift; sourceTree = "<group>"; };
		F2EFDE861FFEA15600B705EE /* Viagem.swift */ = {isa = PBXFileReference; lastKnownFileType = sourcecode.swift; path = Viagem.swift; sourceTree = "<group>"; };
/* End PBXFileReference section */

/* Begin PBXFrameworksBuildPhase section */
		F21EA15B1FA8C37400CDCD83 /* Frameworks */ = {
			isa = PBXFrameworksBuildPhase;
			buildActionMask = 2147483647;
			files = (
				F250DD851FE829AD00785891 /* MapKit.framework in Frameworks */,
				F21EA1911FA8C86600CDCD83 /* CoreMotion.framework in Frameworks */,
				C50E2B97D01A6AC40E3D039C /* Pods_acelerogyrocospe.framework in Frameworks */,
			);
			runOnlyForDeploymentPostprocessing = 0;
		};
		F21EA16F1FA8C37500CDCD83 /* Frameworks */ = {
			isa = PBXFrameworksBuildPhase;
			buildActionMask = 2147483647;
			files = (
				5E396C4820AADEA27E05E1E1 /* Pods_acelerogyrocospeTests.framework in Frameworks */,
			);
			runOnlyForDeploymentPostprocessing = 0;
		};
		F21EA17A1FA8C37500CDCD83 /* Frameworks */ = {
			isa = PBXFrameworksBuildPhase;
			buildActionMask = 2147483647;
			files = (
				0D33AE6CA0F0AC3A70B0C4F7 /* Pods_acelerogyrocospeUITests.framework in Frameworks */,
			);
			runOnlyForDeploymentPostprocessing = 0;
		};
/* End PBXFrameworksBuildPhase section */

/* Begin PBXGroup section */
		0DC16A4EC0F1D055E8E0EC26 /* Pods */ = {
			isa = PBXGroup;
			children = (
				951FC131997593D9B2B69F77 /* Pods-acelerogyrocospe.debug.xcconfig */,
				0B8988AE83C2A87B10E88655 /* Pods-acelerogyrocospe.release.xcconfig */,
				015781C8C99322AA57A2EEE8 /* Pods-acelerogyrocospeTests.debug.xcconfig */,
				5C3BF207C0727ABF1B9B51C9 /* Pods-acelerogyrocospeTests.release.xcconfig */,
				E9E2710EBE6364E61051C45F /* Pods-acelerogyrocospeUITests.debug.xcconfig */,
				80574DD1D7ACA53FA8395142 /* Pods-acelerogyrocospeUITests.release.xcconfig */,
			);
			name = Pods;
			sourceTree = "<group>";
		};
		F21EA1551FA8C37400CDCD83 = {
			isa = PBXGroup;
			children = (
				F291220A203463A8005A8AFB /* PageView */,
				F29121FE20346131005A8AFB /* Transitions */,
				F2E197C6202B10A000FC45B5 /* Adaptavel */,
				F2C3556F202379D1001ACA0F /* VerificaNotificationCenter */,
				F22807DE2021DC890002EB37 /* CamposRegEx */,
				F22807C3201F41290002EB37 /* SwiftyJSON */,
				F2DA047E2017579400E3484B /* AlamoTestes */,
				F2DA046E20160C5300E3484B /* Try CrypoSwift */,
				F2C94B251FFB9A9F000331B2 /* Formata */,
				F2CBFFC51FF56EF6002F685C /* TouchID */,
				F224C5501FEBEE5A00FE59EE /* Maps */,
				F262395A20079D1A009DD5C3 /* Alura Formatacao Cartao */,
				F250DD861FE8318D00785891 /* ButtonTelasViewController.swift */,
				F21EA1601FA8C37400CDCD83 /* acelerogyrocospe */,
				F21EA1751FA8C37500CDCD83 /* acelerogyrocospeTests */,
				F21EA1801FA8C37500CDCD83 /* acelerogyrocospeUITests */,
				F21EA15F1FA8C37400CDCD83 /* Products */,
				F21EA18F1FA8C84800CDCD83 /* Frameworks */,
				0DC16A4EC0F1D055E8E0EC26 /* Pods */,
			);
			sourceTree = "<group>";
		};
		F21EA15F1FA8C37400CDCD83 /* Products */ = {
			isa = PBXGroup;
			children = (
				F21EA15E1FA8C37400CDCD83 /* acelerogyrocospe.app */,
				F21EA1721FA8C37500CDCD83 /* acelerogyrocospeTests.xctest */,
				F21EA17D1FA8C37500CDCD83 /* acelerogyrocospeUITests.xctest */,
			);
			name = Products;
			sourceTree = "<group>";
		};
		F21EA1601FA8C37400CDCD83 /* acelerogyrocospe */ = {
			isa = PBXGroup;
			children = (
				F2623958200694BD009DD5C3 /* CEPViewController.swift */,
				F250DD801FE3E97F00785891 /* TextViewController.swift */,
				F22EB1F21FE0521300A1936F /* WebViewController.swift */,
				F21EA1611FA8C37500CDCD83 /* AppDelegate.swift */,
				F21EA1631FA8C37500CDCD83 /* ViewController.swift */,
				F24607DD1FD7FDE400B07B52 /* SplashTesteViewController.swift */,
				F21EA1651FA8C37500CDCD83 /* Main.storyboard */,
				F21810061FBDD337006BFD5B /* Tab1ViewController.swift */,
				F21810081FBDD352006BFD5B /* Tab2ViewController.swift */,
				F21EA1681FA8C37500CDCD83 /* Assets.xcassets */,
				F21EA16A1FA8C37500CDCD83 /* LaunchScreen.storyboard */,
				F21EA16D1FA8C37500CDCD83 /* Info.plist */,
				F2E197C9202B63F400FC45B5 /* CallChildViewViewController.swift */,
			);
			path = acelerogyrocospe;
			sourceTree = "<group>";
		};
		F21EA1751FA8C37500CDCD83 /* acelerogyrocospeTests */ = {
			isa = PBXGroup;
			children = (
				F21EA1761FA8C37500CDCD83 /* acelerogyrocospeTests.swift */,
				F21EA1781FA8C37500CDCD83 /* Info.plist */,
			);
			path = acelerogyrocospeTests;
			sourceTree = "<group>";
		};
		F21EA1801FA8C37500CDCD83 /* acelerogyrocospeUITests */ = {
			isa = PBXGroup;
			children = (
				F21EA1811FA8C37500CDCD83 /* acelerogyrocospeUITests.swift */,
				F21EA1831FA8C37500CDCD83 /* Info.plist */,
			);
			path = acelerogyrocospeUITests;
			sourceTree = "<group>";
		};
		F21EA18F1FA8C84800CDCD83 /* Frameworks */ = {
			isa = PBXGroup;
			children = (
				F26239472006937E009DD5C3 /* Pods.xcodeproj */,
				F250DD841FE829AD00785891 /* MapKit.framework */,
				F21EA1901FA8C84A00CDCD83 /* CoreMotion.framework */,
				40A93975516FD3B588DAD505 /* Pods_acelerogyrocospe.framework */,
				14E85ABB2E0782288052004F /* Pods_acelerogyrocospeTests.framework */,
				567F4CFAEA4DCF8D427983BA /* Pods_acelerogyrocospeUITests.framework */,
			);
			name = Frameworks;
			sourceTree = "<group>";
		};
		F224C5501FEBEE5A00FE59EE /* Maps */ = {
			isa = PBXGroup;
			children = (
				F2CBFFBE1FF42D9C002F685C /* Maps 2 */,
				F2CBFFBB1FF42D5C002F685C /* Maps 1 */,
			);
			path = Maps;
			sourceTree = "<group>";
		};
		F22807C3201F41290002EB37 /* SwiftyJSON */ = {
			isa = PBXGroup;
			children = (
				F22807CC201F414C0002EB37 /* AlamoSwiftyJSON.swift */,
				F22807CF201F434A0002EB37 /* SwifyJSONViewController.swift */,
			);
			path = SwiftyJSON;
			sourceTree = "<group>";
		};
		F22807DE2021DC890002EB37 /* CamposRegEx */ = {
			isa = PBXGroup;
			children = (
				F22807DF2021DCC60002EB37 /* CamposRegExViewController.swift */,
			);
			path = CamposRegEx;
			sourceTree = "<group>";
		};
		F26239482006937E009DD5C3 /* Products */ = {
			isa = PBXGroup;
			children = (
				F2DA047820160C5500E3484B /* AKMaskField.framework */,
				F262394F2006937E009DD5C3 /* Alamofire.framework */,
				F2E044A6200D0F90001F4254 /* CPF_CNPJ_Validator.framework */,
				F2E044B7200E0DC5001F4254 /* CreditCardValidator.framework */,
				F2DA047A20160C5500E3484B /* CryptoSwift.framework */,
				F26239512006937E009DD5C3 /* Pods_acelerogyrocospe.framework */,
				F26239532006937E009DD5C3 /* Pods_acelerogyrocospeTests.framework */,
				F26239552006937E009DD5C3 /* Pods_acelerogyrocospeUITests.framework */,
				F22807DB201F434B0002EB37 /* SwiftyJSON.framework */,
			);
			name = Products;
			sourceTree = "<group>";
		};
		F262395A20079D1A009DD5C3 /* Alura Formatacao Cartao */ = {
			isa = PBXGroup;
			children = (
				F262395B20079DC3009DD5C3 /* IngressosAluraViewController.swift */,
				F2E044A9200D1043001F4254 /* AlamoCampos.swift */,
				F2E044AB200D1070001F4254 /* AlamoAPI.swift */,
				F2E044AE200E0DC4001F4254 /* PickerViewMes.swift */,
				F2E044B8200E2B84001F4254 /* PickerViewAno.swift */,
			);
			path = "Alura Formatacao Cartao";
			sourceTree = "<group>";
		};
		F29121FE20346131005A8AFB /* Transitions */ = {
			isa = PBXGroup;
			children = (
				F291220820346380005A8AFB /* Transition1ViewController.swift */,
			);
			path = Transitions;
			sourceTree = "<group>";
		};
		F291220A203463A8005A8AFB /* PageView */ = {
			isa = PBXGroup;
			children = (
				F2912210203476B7005A8AFB /* Page Views */,
				F291220F203476A4005A8AFB /* Page Image */,
			);
			path = PageView;
			sourceTree = "<group>";
		};
		F291220F203476A4005A8AFB /* Page Image */ = {
			isa = PBXGroup;
			children = (
				F291220B203463BD005A8AFB /* PageViewController.swift */,
				F291220D203468B8005A8AFB /* PageController.swift */,
			);
			path = "Page Image";
			sourceTree = "<group>";
		};
		F2912210203476B7005A8AFB /* Page Views */ = {
			isa = PBXGroup;
			children = (
				F29122112034772B005A8AFB /* PageViewViewController.swift */,
				F2912213203478CC005A8AFB /* Page1ViewController.swift */,
			);
			path = "Page Views";
			sourceTree = "<group>";
		};
		F2B234981FFCECFE00BBC572 /* TableView */ = {
			isa = PBXGroup;
			children = (
				F224C5531FEC4B6900FE59EE /* FormataViewController.swift */,
				F2C94B261FFB9BE2000331B2 /* ItensTable.swift */,
				F2C94B2A1FFBA18F000331B2 /* Teste.swift */,
				F2C94B341FFBB6C7000331B2 /* TableViewCell.swift */,
				F2EFDE841FFEA13F00B705EE /* ViagemDAO.swift */,
				F2EFDE861FFEA15600B705EE /* Viagem.swift */,
			);
			path = TableView;
			sourceTree = "<group>";
		};
		F2B234991FFCED2F00BBC572 /* CollectionView */ = {
			isa = PBXGroup;
			children = (
				F2B2349A1FFCED7600BBC572 /* Formata2ViewController.swift */,
				F2B2349C1FFCEF5A00BBC572 /* CollectionViewCell.swift */,
				F2EFDE7E1FFD4C3000B705EE /* DetalhesViewController.swift */,
				F2EFDE801FFE928A00B705EE /* PacoteViagemDAO.swift */,
				F2EFDE821FFE937800B705EE /* PacoteViagem.swift */,
				F2B38BF92004F2C300AE084D /* TerminaViewController.swift */,
			);
			path = CollectionView;
			sourceTree = "<group>";
		};
		F2C3556F202379D1001ACA0F /* VerificaNotificationCenter */ = {
			isa = PBXGroup;
			children = (
				F2C3557920237A08001ACA0F /* CoisasAcontecemViewController.swift */,
			);
			path = VerificaNotificationCenter;
			sourceTree = "<group>";
		};
		F2C94B251FFB9A9F000331B2 /* Formata */ = {
			isa = PBXGroup;
			children = (
				F2B234991FFCED2F00BBC572 /* CollectionView */,
				F2B234981FFCECFE00BBC572 /* TableView */,
			);
			path = Formata;
			sourceTree = "<group>";
		};
		F2CBFFBB1FF42D5C002F685C /* Maps 1 */ = {
			isa = PBXGroup;
			children = (
				F224C5511FEBEEF000FE59EE /* SearchTableViewController.swift */,
				F250DD821FE807D300785891 /* MpasViewController.swift */,
			);
			path = "Maps 1";
			sourceTree = "<group>";
		};
		F2CBFFBE1FF42D9C002F685C /* Maps 2 */ = {
			isa = PBXGroup;
			children = (
				F2CBFFBF1FF53D58002F685C /* PublicArt.json */,
				F2CBFFBC1FF42D96002F685C /* Maps2ViewController.swift */,
				F2CBFFC31FF54621002F685C /* PinTabs.swift */,
			);
			path = "Maps 2";
			sourceTree = "<group>";
		};
		F2CBFFC51FF56EF6002F685C /* TouchID */ = {
			isa = PBXGroup;
			children = (
			);
			path = TouchID;
			sourceTree = "<group>";
		};
		F2DA046E20160C5300E3484B /* Try CrypoSwift */ = {
			isa = PBXGroup;
			children = (
				F2DA047B20160C8000E3484B /* CryptoViewController.swift */,
			);
			path = "Try CrypoSwift";
			sourceTree = "<group>";
		};
		F2DA047E2017579400E3484B /* AlamoTestes */ = {
			isa = PBXGroup;
			children = (
				F2DA047F201757BB00E3484B /* AlamoTestesViewController.swift */,
				F2DA048120175C4A00E3484B /* AlamoTeste.swift */,
				F2DA0483201768F300E3484B /* AlamoTesteCampos.swift */,
				F2DA048520177FAA00E3484B /* AlamoTestes2ViewController.swift */,
			);
			path = AlamoTestes;
			sourceTree = "<group>";
		};
		F2E197C6202B10A000FC45B5 /* Adaptavel */ = {
			isa = PBXGroup;
			children = (
				F2E197BB202A2ED400FC45B5 /* AutoAdaptavelViewController.swift */,
				F2E197C7202B10CA00FC45B5 /* AdptavelEscondidoViewController.swift */,
			);
			path = Adaptavel;
			sourceTree = "<group>";
		};
/* End PBXGroup section */

/* Begin PBXNativeTarget section */
		F21EA15D1FA8C37400CDCD83 /* acelerogyrocospe */ = {
			isa = PBXNativeTarget;
			buildConfigurationList = F21EA1861FA8C37500CDCD83 /* Build configuration list for PBXNativeTarget "acelerogyrocospe" */;
			buildPhases = (
				6BA41A04BC7FF0A8F94963EF /* [CP] Check Pods Manifest.lock */,
				F21EA15A1FA8C37400CDCD83 /* Sources */,
				F21EA15B1FA8C37400CDCD83 /* Frameworks */,
				F21EA15C1FA8C37400CDCD83 /* Resources */,
				8927A34730794ED22A6F6FE7 /* [CP] Embed Pods Frameworks */,
				CFC4019192CB26DC7B58AED7 /* [CP] Copy Pods Resources */,
			);
			buildRules = (
			);
			dependencies = (
			);
			name = acelerogyrocospe;
			productName = acelerogyrocospe;
			productReference = F21EA15E1FA8C37400CDCD83 /* acelerogyrocospe.app */;
			productType = "com.apple.product-type.application";
		};
		F21EA1711FA8C37500CDCD83 /* acelerogyrocospeTests */ = {
			isa = PBXNativeTarget;
			buildConfigurationList = F21EA1891FA8C37500CDCD83 /* Build configuration list for PBXNativeTarget "acelerogyrocospeTests" */;
			buildPhases = (
				4772B04666A7F1CFD35CD699 /* [CP] Check Pods Manifest.lock */,
				F21EA16E1FA8C37500CDCD83 /* Sources */,
				F21EA16F1FA8C37500CDCD83 /* Frameworks */,
				F21EA1701FA8C37500CDCD83 /* Resources */,
				D10581F31C4960670679AAEB /* [CP] Embed Pods Frameworks */,
				64906B7A6B75A16440141731 /* [CP] Copy Pods Resources */,
			);
			buildRules = (
			);
			dependencies = (
				F21EA1741FA8C37500CDCD83 /* PBXTargetDependency */,
			);
			name = acelerogyrocospeTests;
			productName = acelerogyrocospeTests;
			productReference = F21EA1721FA8C37500CDCD83 /* acelerogyrocospeTests.xctest */;
			productType = "com.apple.product-type.bundle.unit-test";
		};
		F21EA17C1FA8C37500CDCD83 /* acelerogyrocospeUITests */ = {
			isa = PBXNativeTarget;
			buildConfigurationList = F21EA18C1FA8C37500CDCD83 /* Build configuration list for PBXNativeTarget "acelerogyrocospeUITests" */;
			buildPhases = (
				C373075512B81CF5B639EDFE /* [CP] Check Pods Manifest.lock */,
				F21EA1791FA8C37500CDCD83 /* Sources */,
				F21EA17A1FA8C37500CDCD83 /* Frameworks */,
				F21EA17B1FA8C37500CDCD83 /* Resources */,
				1C3138B12B512A18DC965FF1 /* [CP] Embed Pods Frameworks */,
				9F24DB464E68533875D51503 /* [CP] Copy Pods Resources */,
			);
			buildRules = (
			);
			dependencies = (
				F21EA17F1FA8C37500CDCD83 /* PBXTargetDependency */,
			);
			name = acelerogyrocospeUITests;
			productName = acelerogyrocospeUITests;
			productReference = F21EA17D1FA8C37500CDCD83 /* acelerogyrocospeUITests.xctest */;
			productType = "com.apple.product-type.bundle.ui-testing";
		};
/* End PBXNativeTarget section */

/* Begin PBXProject section */
		F21EA1561FA8C37400CDCD83 /* Project object */ = {
			isa = PBXProject;
			attributes = {
				LastSwiftUpdateCheck = 0900;
				LastUpgradeCheck = 0900;
				ORGANIZATIONNAME = "Fabio Sousa da Silva";
				TargetAttributes = {
					F21EA15D1FA8C37400CDCD83 = {
						CreatedOnToolsVersion = 9.0.1;
						ProvisioningStyle = Automatic;
						SystemCapabilities = {
							com.apple.Maps.iOS = {
								enabled = 1;
							};
						};
					};
					F21EA1711FA8C37500CDCD83 = {
						CreatedOnToolsVersion = 9.0.1;
						ProvisioningStyle = Automatic;
						TestTargetID = F21EA15D1FA8C37400CDCD83;
					};
					F21EA17C1FA8C37500CDCD83 = {
						CreatedOnToolsVersion = 9.0.1;
						ProvisioningStyle = Automatic;
						TestTargetID = F21EA15D1FA8C37400CDCD83;
					};
				};
			};
			buildConfigurationList = F21EA1591FA8C37400CDCD83 /* Build configuration list for PBXProject "acelerogyrocospe" */;
			compatibilityVersion = "Xcode 8.0";
			developmentRegion = en;
			hasScannedForEncodings = 0;
			knownRegions = (
				en,
				Base,
			);
			mainGroup = F21EA1551FA8C37400CDCD83;
			productRefGroup = F21EA15F1FA8C37400CDCD83 /* Products */;
			projectDirPath = "";
			projectReferences = (
				{
					ProductGroup = F26239482006937E009DD5C3 /* Products */;
					ProjectRef = F26239472006937E009DD5C3 /* Pods.xcodeproj */;
				},
			);
			projectRoot = "";
			targets = (
				F21EA15D1FA8C37400CDCD83 /* acelerogyrocospe */,
				F21EA1711FA8C37500CDCD83 /* acelerogyrocospeTests */,
				F21EA17C1FA8C37500CDCD83 /* acelerogyrocospeUITests */,
			);
		};
/* End PBXProject section */

/* Begin PBXReferenceProxy section */
		F22807DB201F434B0002EB37 /* SwiftyJSON.framework */ = {
			isa = PBXReferenceProxy;
			fileType = wrapper.framework;
			path = SwiftyJSON.framework;
			remoteRef = F22807DA201F434B0002EB37 /* PBXContainerItemProxy */;
			sourceTree = BUILT_PRODUCTS_DIR;
		};
		F262394F2006937E009DD5C3 /* Alamofire.framework */ = {
			isa = PBXReferenceProxy;
			fileType = wrapper.framework;
			path = Alamofire.framework;
			remoteRef = F262394E2006937E009DD5C3 /* PBXContainerItemProxy */;
			sourceTree = BUILT_PRODUCTS_DIR;
		};
		F26239512006937E009DD5C3 /* Pods_acelerogyrocospe.framework */ = {
			isa = PBXReferenceProxy;
			fileType = wrapper.framework;
			path = Pods_acelerogyrocospe.framework;
			remoteRef = F26239502006937E009DD5C3 /* PBXContainerItemProxy */;
			sourceTree = BUILT_PRODUCTS_DIR;
		};
		F26239532006937E009DD5C3 /* Pods_acelerogyrocospeTests.framework */ = {
			isa = PBXReferenceProxy;
			fileType = wrapper.framework;
			path = Pods_acelerogyrocospeTests.framework;
			remoteRef = F26239522006937E009DD5C3 /* PBXContainerItemProxy */;
			sourceTree = BUILT_PRODUCTS_DIR;
		};
		F26239552006937E009DD5C3 /* Pods_acelerogyrocospeUITests.framework */ = {
			isa = PBXReferenceProxy;
			fileType = wrapper.framework;
			path = Pods_acelerogyrocospeUITests.framework;
			remoteRef = F26239542006937E009DD5C3 /* PBXContainerItemProxy */;
			sourceTree = BUILT_PRODUCTS_DIR;
		};
		F2DA047820160C5500E3484B /* AKMaskField.framework */ = {
			isa = PBXReferenceProxy;
			fileType = wrapper.framework;
			path = AKMaskField.framework;
			remoteRef = F2DA047720160C5500E3484B /* PBXContainerItemProxy */;
			sourceTree = BUILT_PRODUCTS_DIR;
		};
		F2DA047A20160C5500E3484B /* CryptoSwift.framework */ = {
			isa = PBXReferenceProxy;
			fileType = wrapper.framework;
			path = CryptoSwift.framework;
			remoteRef = F2DA047920160C5500E3484B /* PBXContainerItemProxy */;
			sourceTree = BUILT_PRODUCTS_DIR;
		};
		F2E044A6200D0F90001F4254 /* CPF_CNPJ_Validator.framework */ = {
			isa = PBXReferenceProxy;
			fileType = wrapper.framework;
			path = CPF_CNPJ_Validator.framework;
			remoteRef = F2E044A5200D0F90001F4254 /* PBXContainerItemProxy */;
			sourceTree = BUILT_PRODUCTS_DIR;
		};
		F2E044B7200E0DC5001F4254 /* CreditCardValidator.framework */ = {
			isa = PBXReferenceProxy;
			fileType = wrapper.framework;
			path = CreditCardValidator.framework;
			remoteRef = F2E044B6200E0DC5001F4254 /* PBXContainerItemProxy */;
			sourceTree = BUILT_PRODUCTS_DIR;
		};
/* End PBXReferenceProxy section */

/* Begin PBXResourcesBuildPhase section */
		F21EA15C1FA8C37400CDCD83 /* Resources */ = {
			isa = PBXResourcesBuildPhase;
			buildActionMask = 2147483647;
			files = (
				F2CBFFC01FF53D59002F685C /* PublicArt.json in Resources */,
				F21EA16C1FA8C37500CDCD83 /* LaunchScreen.storyboard in Resources */,
				F21EA1691FA8C37500CDCD83 /* Assets.xcassets in Resources */,
				F21EA1671FA8C37500CDCD83 /* Main.storyboard in Resources */,
			);
			runOnlyForDeploymentPostprocessing = 0;
		};
		F21EA1701FA8C37500CDCD83 /* Resources */ = {
			isa = PBXResourcesBuildPhase;
			buildActionMask = 2147483647;
			files = (
			);
			runOnlyForDeploymentPostprocessing = 0;
		};
		F21EA17B1FA8C37500CDCD83 /* Resources */ = {
			isa = PBXResourcesBuildPhase;
			buildActionMask = 2147483647;
			files = (
			);
			runOnlyForDeploymentPostprocessing = 0;
		};
/* End PBXResourcesBuildPhase section */

/* Begin PBXShellScriptBuildPhase section */
		1C3138B12B512A18DC965FF1 /* [CP] Embed Pods Frameworks */ = {
			isa = PBXShellScriptBuildPhase;
			buildActionMask = 2147483647;
			files = (
			);
			inputPaths = (
			);
			name = "[CP] Embed Pods Frameworks";
			outputPaths = (
			);
			runOnlyForDeploymentPostprocessing = 0;
			shellPath = /bin/sh;
			shellScript = "\"${SRCROOT}/Pods/Target Support Files/Pods-acelerogyrocospeUITests/Pods-acelerogyrocospeUITests-frameworks.sh\"\n";
			showEnvVarsInLog = 0;
		};
		4772B04666A7F1CFD35CD699 /* [CP] Check Pods Manifest.lock */ = {
			isa = PBXShellScriptBuildPhase;
			buildActionMask = 2147483647;
			files = (
			);
			inputPaths = (
				"${PODS_PODFILE_DIR_PATH}/Podfile.lock",
				"${PODS_ROOT}/Manifest.lock",
			);
			name = "[CP] Check Pods Manifest.lock";
			outputPaths = (
				"$(DERIVED_FILE_DIR)/Pods-acelerogyrocospeTests-checkManifestLockResult.txt",
			);
			runOnlyForDeploymentPostprocessing = 0;
			shellPath = /bin/sh;
			shellScript = "diff \"${PODS_PODFILE_DIR_PATH}/Podfile.lock\" \"${PODS_ROOT}/Manifest.lock\" > /dev/null\nif [ $? != 0 ] ; then\n    # print error to STDERR\n    echo \"error: The sandbox is not in sync with the Podfile.lock. Run 'pod install' or update your CocoaPods installation.\" >&2\n    exit 1\nfi\n# This output is used by Xcode 'outputs' to avoid re-running this script phase.\necho \"SUCCESS\" > \"${SCRIPT_OUTPUT_FILE_0}\"\n";
			showEnvVarsInLog = 0;
		};
		64906B7A6B75A16440141731 /* [CP] Copy Pods Resources */ = {
			isa = PBXShellScriptBuildPhase;
			buildActionMask = 2147483647;
			files = (
			);
			inputPaths = (
			);
			name = "[CP] Copy Pods Resources";
			outputPaths = (
			);
			runOnlyForDeploymentPostprocessing = 0;
			shellPath = /bin/sh;
			shellScript = "\"${SRCROOT}/Pods/Target Support Files/Pods-acelerogyrocospeTests/Pods-acelerogyrocospeTests-resources.sh\"\n";
			showEnvVarsInLog = 0;
		};
		6BA41A04BC7FF0A8F94963EF /* [CP] Check Pods Manifest.lock */ = {
			isa = PBXShellScriptBuildPhase;
			buildActionMask = 2147483647;
			files = (
			);
			inputPaths = (
				"${PODS_PODFILE_DIR_PATH}/Podfile.lock",
				"${PODS_ROOT}/Manifest.lock",
			);
			name = "[CP] Check Pods Manifest.lock";
			outputPaths = (
				"$(DERIVED_FILE_DIR)/Pods-acelerogyrocospe-checkManifestLockResult.txt",
			);
			runOnlyForDeploymentPostprocessing = 0;
			shellPath = /bin/sh;
			shellScript = "diff \"${PODS_PODFILE_DIR_PATH}/Podfile.lock\" \"${PODS_ROOT}/Manifest.lock\" > /dev/null\nif [ $? != 0 ] ; then\n    # print error to STDERR\n    echo \"error: The sandbox is not in sync with the Podfile.lock. Run 'pod install' or update your CocoaPods installation.\" >&2\n    exit 1\nfi\n# This output is used by Xcode 'outputs' to avoid re-running this script phase.\necho \"SUCCESS\" > \"${SCRIPT_OUTPUT_FILE_0}\"\n";
			showEnvVarsInLog = 0;
		};
		8927A34730794ED22A6F6FE7 /* [CP] Embed Pods Frameworks */ = {
			isa = PBXShellScriptBuildPhase;
			buildActionMask = 2147483647;
			files = (
			);
			inputPaths = (
				"${SRCROOT}/Pods/Target Support Files/Pods-acelerogyrocospe/Pods-acelerogyrocospe-frameworks.sh",
				"${BUILT_PRODUCTS_DIR}/AKMaskField/AKMaskField.framework",
				"${BUILT_PRODUCTS_DIR}/Alamofire/Alamofire.framework",
				"${BUILT_PRODUCTS_DIR}/CPF-CNPJ-Validator/CPF_CNPJ_Validator.framework",
				"${BUILT_PRODUCTS_DIR}/CreditCardValidator/CreditCardValidator.framework",
				"${BUILT_PRODUCTS_DIR}/CryptoSwift/CryptoSwift.framework",
				"${BUILT_PRODUCTS_DIR}/SwiftyJSON/SwiftyJSON.framework",
			);
			name = "[CP] Embed Pods Frameworks";
			outputPaths = (
				"${TARGET_BUILD_DIR}/${FRAMEWORKS_FOLDER_PATH}/AKMaskField.framework",
				"${TARGET_BUILD_DIR}/${FRAMEWORKS_FOLDER_PATH}/Alamofire.framework",
				"${TARGET_BUILD_DIR}/${FRAMEWORKS_FOLDER_PATH}/CPF_CNPJ_Validator.framework",
				"${TARGET_BUILD_DIR}/${FRAMEWORKS_FOLDER_PATH}/CreditCardValidator.framework",
				"${TARGET_BUILD_DIR}/${FRAMEWORKS_FOLDER_PATH}/CryptoSwift.framework",
				"${TARGET_BUILD_DIR}/${FRAMEWORKS_FOLDER_PATH}/SwiftyJSON.framework",
			);
			runOnlyForDeploymentPostprocessing = 0;
			shellPath = /bin/sh;
			shellScript = "\"${SRCROOT}/Pods/Target Support Files/Pods-acelerogyrocospe/Pods-acelerogyrocospe-frameworks.sh\"\n";
			showEnvVarsInLog = 0;
		};
		9F24DB464E68533875D51503 /* [CP] Copy Pods Resources */ = {
			isa = PBXShellScriptBuildPhase;
			buildActionMask = 2147483647;
			files = (
			);
			inputPaths = (
			);
			name = "[CP] Copy Pods Resources";
			outputPaths = (
			);
			runOnlyForDeploymentPostprocessing = 0;
			shellPath = /bin/sh;
			shellScript = "\"${SRCROOT}/Pods/Target Support Files/Pods-acelerogyrocospeUITests/Pods-acelerogyrocospeUITests-resources.sh\"\n";
			showEnvVarsInLog = 0;
		};
		C373075512B81CF5B639EDFE /* [CP] Check Pods Manifest.lock */ = {
			isa = PBXShellScriptBuildPhase;
			buildActionMask = 2147483647;
			files = (
			);
			inputPaths = (
				"${PODS_PODFILE_DIR_PATH}/Podfile.lock",
				"${PODS_ROOT}/Manifest.lock",
			);
			name = "[CP] Check Pods Manifest.lock";
			outputPaths = (
				"$(DERIVED_FILE_DIR)/Pods-acelerogyrocospeUITests-checkManifestLockResult.txt",
			);
			runOnlyForDeploymentPostprocessing = 0;
			shellPath = /bin/sh;
			shellScript = "diff \"${PODS_PODFILE_DIR_PATH}/Podfile.lock\" \"${PODS_ROOT}/Manifest.lock\" > /dev/null\nif [ $? != 0 ] ; then\n    # print error to STDERR\n    echo \"error: The sandbox is not in sync with the Podfile.lock. Run 'pod install' or update your CocoaPods installation.\" >&2\n    exit 1\nfi\n# This output is used by Xcode 'outputs' to avoid re-running this script phase.\necho \"SUCCESS\" > \"${SCRIPT_OUTPUT_FILE_0}\"\n";
			showEnvVarsInLog = 0;
		};
		CFC4019192CB26DC7B58AED7 /* [CP] Copy Pods Resources */ = {
			isa = PBXShellScriptBuildPhase;
			buildActionMask = 2147483647;
			files = (
			);
			inputPaths = (
			);
			name = "[CP] Copy Pods Resources";
			outputPaths = (
			);
			runOnlyForDeploymentPostprocessing = 0;
			shellPath = /bin/sh;
			shellScript = "\"${SRCROOT}/Pods/Target Support Files/Pods-acelerogyrocospe/Pods-acelerogyrocospe-resources.sh\"\n";
			showEnvVarsInLog = 0;
		};
		D10581F31C4960670679AAEB /* [CP] Embed Pods Frameworks */ = {
			isa = PBXShellScriptBuildPhase;
			buildActionMask = 2147483647;
			files = (
			);
			inputPaths = (
			);
			name = "[CP] Embed Pods Frameworks";
			outputPaths = (
			);
			runOnlyForDeploymentPostprocessing = 0;
			shellPath = /bin/sh;
			shellScript = "\"${SRCROOT}/Pods/Target Support Files/Pods-acelerogyrocospeTests/Pods-acelerogyrocospeTests-frameworks.sh\"\n";
			showEnvVarsInLog = 0;
		};
/* End PBXShellScriptBuildPhase section */

/* Begin PBXSourcesBuildPhase section */
		F21EA15A1FA8C37400CDCD83 /* Sources */ = {
			isa = PBXSourcesBuildPhase;
			buildActionMask = 2147483647;
			files = (
				F2623959200694BD009DD5C3 /* CEPViewController.swift in Sources */,
				F2CBFFC41FF54621002F685C /* PinTabs.swift in Sources */,
				F22807D0201F434A0002EB37 /* SwifyJSONViewController.swift in Sources */,
				F2C94B351FFBB6C7000331B2 /* TableViewCell.swift in Sources */,
				F2DA0484201768F300E3484B /* AlamoTesteCampos.swift in Sources */,
				F2B2349D1FFCEF5A00BBC572 /* CollectionViewCell.swift in Sources */,
				F2DA048220175C4A00E3484B /* AlamoTeste.swift in Sources */,
				F22EB1F31FE0521300A1936F /* WebViewController.swift in Sources */,
				F2E197C8202B10CA00FC45B5 /* AdptavelEscondidoViewController.swift in Sources */,
				F2E044AC200D1070001F4254 /* AlamoAPI.swift in Sources */,
				F224C5541FEC4B6900FE59EE /* FormataViewController.swift in Sources */,
				F2B38BFA2004F2C300AE084D /* TerminaViewController.swift in Sources */,
				F2EFDE811FFE928C00B705EE /* PacoteViagemDAO.swift in Sources */,
				F2E044B9200E2B84001F4254 /* PickerViewAno.swift in Sources */,
				F2E044AA200D1043001F4254 /* AlamoCampos.swift in Sources */,
				F2E044AF200E0DC4001F4254 /* PickerViewMes.swift in Sources */,
				F2E197CA202B63F400FC45B5 /* CallChildViewViewController.swift in Sources */,
				F262395C20079DC3009DD5C3 /* IngressosAluraViewController.swift in Sources */,
				F24607DE1FD7FDE400B07B52 /* SplashTesteViewController.swift in Sources */,
				F21EA1641FA8C37500CDCD83 /* ViewController.swift in Sources */,
				F2B2349B1FFCED7600BBC572 /* Formata2ViewController.swift in Sources */,
				F250DD871FE8318D00785891 /* ButtonTelasViewController.swift in Sources */,
				F250DD811FE3E98000785891 /* TextViewController.swift in Sources */,
				F2CBFFBD1FF42D96002F685C /* Maps2ViewController.swift in Sources */,
				F2C94B2B1FFBA18F000331B2 /* Teste.swift in Sources */,
				F22807CD201F414C0002EB37 /* AlamoSwiftyJSON.swift in Sources */,
				F2912214203478CC005A8AFB /* Page1ViewController.swift in Sources */,
				F250DD831FE807D400785891 /* MpasViewController.swift in Sources */,
				F22807E02021DCC70002EB37 /* CamposRegExViewController.swift in Sources */,
				F2E197BC202A2ED500FC45B5 /* AutoAdaptavelViewController.swift in Sources */,
				F291220E203468B8005A8AFB /* PageController.swift in Sources */,
				F21810071FBDD338006BFD5B /* Tab1ViewController.swift in Sources */,
				F2DA048620177FAA00E3484B /* AlamoTestes2ViewController.swift in Sources */,
				F291220920346380005A8AFB /* Transition1ViewController.swift in Sources */,
				F224C5521FEBEEF000FE59EE /* SearchTableViewController.swift in Sources */,
				F2C3557A20237A08001ACA0F /* CoisasAcontecemViewController.swift in Sources */,
				F2DA047C20160C8000E3484B /* CryptoViewController.swift in Sources */,
				F291220C203463BD005A8AFB /* PageViewController.swift in Sources */,
				F2EFDE871FFEA15600B705EE /* Viagem.swift in Sources */,
				F2EFDE7F1FFD4C3000B705EE /* DetalhesViewController.swift in Sources */,
				F2EFDE851FFEA14000B705EE /* ViagemDAO.swift in Sources */,
				F29122122034772B005A8AFB /* PageViewViewController.swift in Sources */,
				F2DA0480201757BB00E3484B /* AlamoTestesViewController.swift in Sources */,
				F2EFDE831FFE937800B705EE /* PacoteViagem.swift in Sources */,
				F2C94B271FFB9BE2000331B2 /* ItensTable.swift in Sources */,
				F21810091FBDD352006BFD5B /* Tab2ViewController.swift in Sources */,
				F21EA1621FA8C37500CDCD83 /* AppDelegate.swift in Sources */,
			);
			runOnlyForDeploymentPostprocessing = 0;
		};
		F21EA16E1FA8C37500CDCD83 /* Sources */ = {
			isa = PBXSourcesBuildPhase;
			buildActionMask = 2147483647;
			files = (
				F21EA1771FA8C37500CDCD83 /* acelerogyrocospeTests.swift in Sources */,
			);
			runOnlyForDeploymentPostprocessing = 0;
		};
		F21EA1791FA8C37500CDCD83 /* Sources */ = {
			isa = PBXSourcesBuildPhase;
			buildActionMask = 2147483647;
			files = (
				F21EA1821FA8C37500CDCD83 /* acelerogyrocospeUITests.swift in Sources */,
			);
			runOnlyForDeploymentPostprocessing = 0;
		};
/* End PBXSourcesBuildPhase section */

/* Begin PBXTargetDependency section */
		F21EA1741FA8C37500CDCD83 /* PBXTargetDependency */ = {
			isa = PBXTargetDependency;
			target = F21EA15D1FA8C37400CDCD83 /* acelerogyrocospe */;
			targetProxy = F21EA1731FA8C37500CDCD83 /* PBXContainerItemProxy */;
		};
		F21EA17F1FA8C37500CDCD83 /* PBXTargetDependency */ = {
			isa = PBXTargetDependency;
			target = F21EA15D1FA8C37400CDCD83 /* acelerogyrocospe */;
			targetProxy = F21EA17E1FA8C37500CDCD83 /* PBXContainerItemProxy */;
		};
/* End PBXTargetDependency section */

/* Begin PBXVariantGroup section */
		F21EA1651FA8C37500CDCD83 /* Main.storyboard */ = {
			isa = PBXVariantGroup;
			children = (
				F21EA1661FA8C37500CDCD83 /* Base */,
			);
			name = Main.storyboard;
			sourceTree = "<group>";
		};
		F21EA16A1FA8C37500CDCD83 /* LaunchScreen.storyboard */ = {
			isa = PBXVariantGroup;
			children = (
				F21EA16B1FA8C37500CDCD83 /* Base */,
			);
			name = LaunchScreen.storyboard;
			sourceTree = "<group>";
		};
/* End PBXVariantGroup section */

/* Begin XCBuildConfiguration section */
		F21EA1841FA8C37500CDCD83 /* Debug */ = {
			isa = XCBuildConfiguration;
			buildSettings = {
				ALWAYS_SEARCH_USER_PATHS = NO;
				CLANG_ANALYZER_NONNULL = YES;
				CLANG_ANALYZER_NUMBER_OBJECT_CONVERSION = YES_AGGRESSIVE;
				CLANG_CXX_LANGUAGE_STANDARD = "gnu++14";
				CLANG_CXX_LIBRARY = "libc++";
				CLANG_ENABLE_MODULES = YES;
				CLANG_ENABLE_OBJC_ARC = YES;
				CLANG_WARN_BLOCK_CAPTURE_AUTORELEASING = YES;
				CLANG_WARN_BOOL_CONVERSION = YES;
				CLANG_WARN_COMMA = YES;
				CLANG_WARN_CONSTANT_CONVERSION = YES;
				CLANG_WARN_DIRECT_OBJC_ISA_USAGE = YES_ERROR;
				CLANG_WARN_DOCUMENTATION_COMMENTS = YES;
				CLANG_WARN_EMPTY_BODY = YES;
				CLANG_WARN_ENUM_CONVERSION = YES;
				CLANG_WARN_INFINITE_RECURSION = YES;
				CLANG_WARN_INT_CONVERSION = YES;
				CLANG_WARN_NON_LITERAL_NULL_CONVERSION = YES;
				CLANG_WARN_OBJC_LITERAL_CONVERSION = YES;
				CLANG_WARN_OBJC_ROOT_CLASS = YES_ERROR;
				CLANG_WARN_RANGE_LOOP_ANALYSIS = YES;
				CLANG_WARN_STRICT_PROTOTYPES = YES;
				CLANG_WARN_SUSPICIOUS_MOVE = YES;
				CLANG_WARN_UNGUARDED_AVAILABILITY = YES_AGGRESSIVE;
				CLANG_WARN_UNREACHABLE_CODE = YES;
				CLANG_WARN__DUPLICATE_METHOD_MATCH = YES;
				CODE_SIGN_IDENTITY = "iPhone Developer";
				COPY_PHASE_STRIP = NO;
				DEBUG_INFORMATION_FORMAT = dwarf;
				ENABLE_STRICT_OBJC_MSGSEND = YES;
				ENABLE_TESTABILITY = YES;
				GCC_C_LANGUAGE_STANDARD = gnu11;
				GCC_DYNAMIC_NO_PIC = NO;
				GCC_NO_COMMON_BLOCKS = YES;
				GCC_OPTIMIZATION_LEVEL = 0;
				GCC_PREPROCESSOR_DEFINITIONS = (
					"DEBUG=1",
					"$(inherited)",
				);
				GCC_WARN_64_TO_32_BIT_CONVERSION = YES;
				GCC_WARN_ABOUT_RETURN_TYPE = YES_ERROR;
				GCC_WARN_UNDECLARED_SELECTOR = YES;
				GCC_WARN_UNINITIALIZED_AUTOS = YES_AGGRESSIVE;
				GCC_WARN_UNUSED_FUNCTION = YES;
				GCC_WARN_UNUSED_VARIABLE = YES;
				IPHONEOS_DEPLOYMENT_TARGET = 11.0;
				MTL_ENABLE_DEBUG_INFO = YES;
				ONLY_ACTIVE_ARCH = YES;
				SDKROOT = iphoneos;
				SWIFT_ACTIVE_COMPILATION_CONDITIONS = DEBUG;
				SWIFT_OPTIMIZATION_LEVEL = "-Onone";
			};
			name = Debug;
		};
		F21EA1851FA8C37500CDCD83 /* Release */ = {
			isa = XCBuildConfiguration;
			buildSettings = {
				ALWAYS_SEARCH_USER_PATHS = NO;
				CLANG_ANALYZER_NONNULL = YES;
				CLANG_ANALYZER_NUMBER_OBJECT_CONVERSION = YES_AGGRESSIVE;
				CLANG_CXX_LANGUAGE_STANDARD = "gnu++14";
				CLANG_CXX_LIBRARY = "libc++";
				CLANG_ENABLE_MODULES = YES;
				CLANG_ENABLE_OBJC_ARC = YES;
				CLANG_WARN_BLOCK_CAPTURE_AUTORELEASING = YES;
				CLANG_WARN_BOOL_CONVERSION = YES;
				CLANG_WARN_COMMA = YES;
				CLANG_WARN_CONSTANT_CONVERSION = YES;
				CLANG_WARN_DIRECT_OBJC_ISA_USAGE = YES_ERROR;
				CLANG_WARN_DOCUMENTATION_COMMENTS = YES;
				CLANG_WARN_EMPTY_BODY = YES;
				CLANG_WARN_ENUM_CONVERSION = YES;
				CLANG_WARN_INFINITE_RECURSION = YES;
				CLANG_WARN_INT_CONVERSION = YES;
				CLANG_WARN_NON_LITERAL_NULL_CONVERSION = YES;
				CLANG_WARN_OBJC_LITERAL_CONVERSION = YES;
				CLANG_WARN_OBJC_ROOT_CLASS = YES_ERROR;
				CLANG_WARN_RANGE_LOOP_ANALYSIS = YES;
				CLANG_WARN_STRICT_PROTOTYPES = YES;
				CLANG_WARN_SUSPICIOUS_MOVE = YES;
				CLANG_WARN_UNGUARDED_AVAILABILITY = YES_AGGRESSIVE;
				CLANG_WARN_UNREACHABLE_CODE = YES;
				CLANG_WARN__DUPLICATE_METHOD_MATCH = YES;
				CODE_SIGN_IDENTITY = "iPhone Developer";
				COPY_PHASE_STRIP = NO;
				DEBUG_INFORMATION_FORMAT = "dwarf-with-dsym";
				ENABLE_NS_ASSERTIONS = NO;
				ENABLE_STRICT_OBJC_MSGSEND = YES;
				GCC_C_LANGUAGE_STANDARD = gnu11;
				GCC_NO_COMMON_BLOCKS = YES;
				GCC_WARN_64_TO_32_BIT_CONVERSION = YES;
				GCC_WARN_ABOUT_RETURN_TYPE = YES_ERROR;
				GCC_WARN_UNDECLARED_SELECTOR = YES;
				GCC_WARN_UNINITIALIZED_AUTOS = YES_AGGRESSIVE;
				GCC_WARN_UNUSED_FUNCTION = YES;
				GCC_WARN_UNUSED_VARIABLE = YES;
				IPHONEOS_DEPLOYMENT_TARGET = 11.0;
				MTL_ENABLE_DEBUG_INFO = NO;
				SDKROOT = iphoneos;
				SWIFT_OPTIMIZATION_LEVEL = "-Owholemodule";
				VALIDATE_PRODUCT = YES;
			};
			name = Release;
		};
		F21EA1871FA8C37500CDCD83 /* Debug */ = {
			isa = XCBuildConfiguration;
			baseConfigurationReference = 951FC131997593D9B2B69F77 /* Pods-acelerogyrocospe.debug.xcconfig */;
			buildSettings = {
				ASSETCATALOG_COMPILER_APPICON_NAME = AppIcon;
				"CODE_SIGN_IDENTITY[sdk=iphoneos*]" = "iPhone Developer";
				CODE_SIGN_STYLE = Automatic;
				DEVELOPMENT_TEAM = 7Z9K2S6NTF;
				INFOPLIST_FILE = acelerogyrocospe/Info.plist;
				IPHONEOS_DEPLOYMENT_TARGET = 11.2;
				LD_RUNPATH_SEARCH_PATHS = "$(inherited) @executable_path/Frameworks";
				PRODUCT_BUNDLE_IDENTIFIER = br.com.acelerogyrocospe.acelerogyrocospe;
				PRODUCT_NAME = "$(TARGET_NAME)";
				PROVISIONING_PROFILE_SPECIFIER = "";
				SWIFT_VERSION = 4.0;
				TARGETED_DEVICE_FAMILY = 1;
			};
			name = Debug;
		};
		F21EA1881FA8C37500CDCD83 /* Release */ = {
			isa = XCBuildConfiguration;
			baseConfigurationReference = 0B8988AE83C2A87B10E88655 /* Pods-acelerogyrocospe.release.xcconfig */;
			buildSettings = {
				ASSETCATALOG_COMPILER_APPICON_NAME = AppIcon;
				"CODE_SIGN_IDENTITY[sdk=iphoneos*]" = "iPhone Developer";
				CODE_SIGN_STYLE = Automatic;
				DEVELOPMENT_TEAM = 7Z9K2S6NTF;
				INFOPLIST_FILE = acelerogyrocospe/Info.plist;
				IPHONEOS_DEPLOYMENT_TARGET = 11.2;
				LD_RUNPATH_SEARCH_PATHS = "$(inherited) @executable_path/Frameworks";
				PRODUCT_BUNDLE_IDENTIFIER = br.com.acelerogyrocospe.acelerogyrocospe;
				PRODUCT_NAME = "$(TARGET_NAME)";
				PROVISIONING_PROFILE_SPECIFIER = "";
				SWIFT_VERSION = 4.0;
				TARGETED_DEVICE_FAMILY = 1;
			};
			name = Release;
		};
		F21EA18A1FA8C37500CDCD83 /* Debug */ = {
			isa = XCBuildConfiguration;
			baseConfigurationReference = 015781C8C99322AA57A2EEE8 /* Pods-acelerogyrocospeTests.debug.xcconfig */;
			buildSettings = {
				ALWAYS_EMBED_SWIFT_STANDARD_LIBRARIES = YES;
				BUNDLE_LOADER = "$(TEST_HOST)";
				CODE_SIGN_STYLE = Automatic;
				INFOPLIST_FILE = acelerogyrocospeTests/Info.plist;
				LD_RUNPATH_SEARCH_PATHS = "$(inherited) @executable_path/Frameworks @loader_path/Frameworks";
				PRODUCT_BUNDLE_IDENTIFIER = br.com.acelerogyrocospe.acelerogyrocospeTests;
				PRODUCT_NAME = "$(TARGET_NAME)";
				SWIFT_VERSION = 4.0;
				TARGETED_DEVICE_FAMILY = "1,2";
				TEST_HOST = "$(BUILT_PRODUCTS_DIR)/acelerogyrocospe.app/acelerogyrocospe";
			};
			name = Debug;
		};
		F21EA18B1FA8C37500CDCD83 /* Release */ = {
			isa = XCBuildConfiguration;
			baseConfigurationReference = 5C3BF207C0727ABF1B9B51C9 /* Pods-acelerogyrocospeTests.release.xcconfig */;
			buildSettings = {
				ALWAYS_EMBED_SWIFT_STANDARD_LIBRARIES = YES;
				BUNDLE_LOADER = "$(TEST_HOST)";
				CODE_SIGN_STYLE = Automatic;
				INFOPLIST_FILE = acelerogyrocospeTests/Info.plist;
				LD_RUNPATH_SEARCH_PATHS = "$(inherited) @executable_path/Frameworks @loader_path/Frameworks";
				PRODUCT_BUNDLE_IDENTIFIER = br.com.acelerogyrocospe.acelerogyrocospeTests;
				PRODUCT_NAME = "$(TARGET_NAME)";
				SWIFT_VERSION = 4.0;
				TARGETED_DEVICE_FAMILY = "1,2";
				TEST_HOST = "$(BUILT_PRODUCTS_DIR)/acelerogyrocospe.app/acelerogyrocospe";
			};
			name = Release;
		};
		F21EA18D1FA8C37500CDCD83 /* Debug */ = {
			isa = XCBuildConfiguration;
			baseConfigurationReference = E9E2710EBE6364E61051C45F /* Pods-acelerogyrocospeUITests.debug.xcconfig */;
			buildSettings = {
				ALWAYS_EMBED_SWIFT_STANDARD_LIBRARIES = YES;
				CODE_SIGN_STYLE = Automatic;
				INFOPLIST_FILE = acelerogyrocospeUITests/Info.plist;
				LD_RUNPATH_SEARCH_PATHS = "$(inherited) @executable_path/Frameworks @loader_path/Frameworks";
				PRODUCT_BUNDLE_IDENTIFIER = br.com.acelerogyrocospe.acelerogyrocospeUITests;
				PRODUCT_NAME = "$(TARGET_NAME)";
				SWIFT_VERSION = 4.0;
				TARGETED_DEVICE_FAMILY = "1,2";
				TEST_TARGET_NAME = acelerogyrocospe;
			};
			name = Debug;
		};
		F21EA18E1FA8C37500CDCD83 /* Release */ = {
			isa = XCBuildConfiguration;
			baseConfigurationReference = 80574DD1D7ACA53FA8395142 /* Pods-acelerogyrocospeUITests.release.xcconfig */;
			buildSettings = {
				ALWAYS_EMBED_SWIFT_STANDARD_LIBRARIES = YES;
				CODE_SIGN_STYLE = Automatic;
				INFOPLIST_FILE = acelerogyrocospeUITests/Info.plist;
				LD_RUNPATH_SEARCH_PATHS = "$(inherited) @executable_path/Frameworks @loader_path/Frameworks";
				PRODUCT_BUNDLE_IDENTIFIER = br.com.acelerogyrocospe.acelerogyrocospeUITests;
				PRODUCT_NAME = "$(TARGET_NAME)";
				SWIFT_VERSION = 4.0;
				TARGETED_DEVICE_FAMILY = "1,2";
				TEST_TARGET_NAME = acelerogyrocospe;
			};
			name = Release;
		};
/* End XCBuildConfiguration section */

/* Begin XCConfigurationList section */
		F21EA1591FA8C37400CDCD83 /* Build configuration list for PBXProject "acelerogyrocospe" */ = {
			isa = XCConfigurationList;
			buildConfigurations = (
				F21EA1841FA8C37500CDCD83 /* Debug */,
				F21EA1851FA8C37500CDCD83 /* Release */,
			);
			defaultConfigurationIsVisible = 0;
			defaultConfigurationName = Release;
		};
		F21EA1861FA8C37500CDCD83 /* Build configuration list for PBXNativeTarget "acelerogyrocospe" */ = {
			isa = XCConfigurationList;
			buildConfigurations = (
				F21EA1871FA8C37500CDCD83 /* Debug */,
				F21EA1881FA8C37500CDCD83 /* Release */,
			);
			defaultConfigurationIsVisible = 0;
			defaultConfigurationName = Release;
		};
		F21EA1891FA8C37500CDCD83 /* Build configuration list for PBXNativeTarget "acelerogyrocospeTests" */ = {
			isa = XCConfigurationList;
			buildConfigurations = (
				F21EA18A1FA8C37500CDCD83 /* Debug */,
				F21EA18B1FA8C37500CDCD83 /* Release */,
			);
			defaultConfigurationIsVisible = 0;
			defaultConfigurationName = Release;
		};
		F21EA18C1FA8C37500CDCD83 /* Build configuration list for PBXNativeTarget "acelerogyrocospeUITests" */ = {
			isa = XCConfigurationList;
			buildConfigurations = (
				F21EA18D1FA8C37500CDCD83 /* Debug */,
				F21EA18E1FA8C37500CDCD83 /* Release */,
			);
			defaultConfigurationIsVisible = 0;
			defaultConfigurationName = Release;
		};
/* End XCConfigurationList section */
	};
	rootObject = F21EA1561FA8C37400CDCD83 /* Project object */;
}
